// !$*UTF8*$!
{
	archiveVersion = 1;
	classes = {
	};
	objectVersion = 55;
	objects = {

/* Begin PBXBuildFile section */
		3F68719828F7EB0400BA6F0B /* AppDelegate.swift in Sources */ = {isa = PBXBuildFile; fileRef = 3F68719728F7EB0400BA6F0B /* AppDelegate.swift */; };
		3F68719A28F7EB0400BA6F0B /* SceneDelegate.swift in Sources */ = {isa = PBXBuildFile; fileRef = 3F68719928F7EB0400BA6F0B /* SceneDelegate.swift */; };
		3F68719F28F7EB0400BA6F0B /* Main.storyboard in Resources */ = {isa = PBXBuildFile; fileRef = 3F68719D28F7EB0400BA6F0B /* Main.storyboard */; };
		3F6871A128F7EB0C00BA6F0B /* Assets.xcassets in Resources */ = {isa = PBXBuildFile; fileRef = 3F6871A028F7EB0C00BA6F0B /* Assets.xcassets */; };
		3F6871A428F7EB0C00BA6F0B /* LaunchScreen.storyboard in Resources */ = {isa = PBXBuildFile; fileRef = 3F6871A228F7EB0C00BA6F0B /* LaunchScreen.storyboard */; };
		3F6871AF28F7F54300BA6F0B /* TabBarViewController.swift in Sources */ = {isa = PBXBuildFile; fileRef = 3F6871AE28F7F54300BA6F0B /* TabBarViewController.swift */; };
		3F6871B128F7F8DF00BA6F0B /* HomeViewController.swift in Sources */ = {isa = PBXBuildFile; fileRef = 3F6871B028F7F8DF00BA6F0B /* HomeViewController.swift */; };
		3F6871B328F7FA7A00BA6F0B /* UpComingViewController.swift in Sources */ = {isa = PBXBuildFile; fileRef = 3F6871B228F7FA7A00BA6F0B /* UpComingViewController.swift */; };
		3F6871B528F7FAB300BA6F0B /* SearchViewController.swift in Sources */ = {isa = PBXBuildFile; fileRef = 3F6871B428F7FAB300BA6F0B /* SearchViewController.swift */; };
		3F6871B828F802F900BA6F0B /* CollectionViewTableViewCell.swift in Sources */ = {isa = PBXBuildFile; fileRef = 3F6871B728F802F900BA6F0B /* CollectionViewTableViewCell.swift */; };
		3F6871BA28F81A8500BA6F0B /* HeroHeaderView.swift in Sources */ = {isa = PBXBuildFile; fileRef = 3F6871B928F81A8500BA6F0B /* HeroHeaderView.swift */; };
		3F6871BE28F860A200BA6F0B /* APICallers.swift in Sources */ = {isa = PBXBuildFile; fileRef = 3F6871BD28F860A200BA6F0B /* APICallers.swift */; };
		3F6871C228F8823400BA6F0B /* Title.swift in Sources */ = {isa = PBXBuildFile; fileRef = 3F6871C128F8823400BA6F0B /* Title.swift */; };
		3F6871C628F8933E00BA6F0B /* Extension.swift in Sources */ = {isa = PBXBuildFile; fileRef = 3F6871C528F8933E00BA6F0B /* Extension.swift */; };
		3F6871CC28F9652000BA6F0B /* TitleCollectionViewCell.swift in Sources */ = {isa = PBXBuildFile; fileRef = 3F6871CB28F9652000BA6F0B /* TitleCollectionViewCell.swift */; };
		3F6871D028FA8B9A00BA6F0B /* TitleTableViewCell.swift in Sources */ = {isa = PBXBuildFile; fileRef = 3F6871CF28FA8B9A00BA6F0B /* TitleTableViewCell.swift */; };
		3F6871D228FA950F00BA6F0B /* TitleViewModel.swift in Sources */ = {isa = PBXBuildFile; fileRef = 3F6871D128FA950F00BA6F0B /* TitleViewModel.swift */; };
		3F6871D628FAB16700BA6F0B /* SearchResultViewController.swift in Sources */ = {isa = PBXBuildFile; fileRef = 3F6871D528FAB16700BA6F0B /* SearchResultViewController.swift */; };
		3F6871D828FB3AFC00BA6F0B /* YoutubeSearchResponse.swift in Sources */ = {isa = PBXBuildFile; fileRef = 3F6871D728FB3AFC00BA6F0B /* YoutubeSearchResponse.swift */; };
		3F6871DA28FB46D100BA6F0B /* TitlePreViewViewController.swift in Sources */ = {isa = PBXBuildFile; fileRef = 3F6871D928FB46D100BA6F0B /* TitlePreViewViewController.swift */; };
		3F6871DC28FC269800BA6F0B /* TitlePreviewModel.swift in Sources */ = {isa = PBXBuildFile; fileRef = 3F6871DB28FC269800BA6F0B /* TitlePreviewModel.swift */; };
		3F6871DE28FC65F000BA6F0B /* DownloadViewController.swift in Sources */ = {isa = PBXBuildFile; fileRef = 3F6871DD28FC65F000BA6F0B /* DownloadViewController.swift */; };
		3F68720428FC741500BA6F0B /* NetflixModel.xcdatamodeld in Sources */ = {isa = PBXBuildFile; fileRef = 3F68720228FC741500BA6F0B /* NetflixModel.xcdatamodeld */; };
		3F68720628FC852000BA6F0B /* DataPersistenceManager.swift in Sources */ = {isa = PBXBuildFile; fileRef = 3F68720528FC852000BA6F0B /* DataPersistenceManager.swift */; };
		A93E7F25FED9AD31C0FA1F9A /* Pods_Netflix_App.framework in Frameworks */ = {isa = PBXBuildFile; fileRef = 311605718BDF7D35CEB04587 /* Pods_Netflix_App.framework */; };
/* End PBXBuildFile section */

/* Begin PBXFileReference section */
		311605718BDF7D35CEB04587 /* Pods_Netflix_App.framework */ = {isa = PBXFileReference; explicitFileType = wrapper.framework; includeInIndex = 0; path = Pods_Netflix_App.framework; sourceTree = BUILT_PRODUCTS_DIR; };
		3F68719428F7EB0400BA6F0B /* Netflix App.app */ = {isa = PBXFileReference; explicitFileType = wrapper.application; includeInIndex = 0; path = "Netflix App.app"; sourceTree = BUILT_PRODUCTS_DIR; };
		3F68719728F7EB0400BA6F0B /* AppDelegate.swift */ = {isa = PBXFileReference; lastKnownFileType = sourcecode.swift; path = AppDelegate.swift; sourceTree = "<group>"; };
		3F68719928F7EB0400BA6F0B /* SceneDelegate.swift */ = {isa = PBXFileReference; lastKnownFileType = sourcecode.swift; path = SceneDelegate.swift; sourceTree = "<group>"; };
		3F68719E28F7EB0400BA6F0B /* Base */ = {isa = PBXFileReference; lastKnownFileType = file.storyboard; name = Base; path = Base.lproj/Main.storyboard; sourceTree = "<group>"; };
		3F6871A028F7EB0C00BA6F0B /* Assets.xcassets */ = {isa = PBXFileReference; lastKnownFileType = folder.assetcatalog; path = Assets.xcassets; sourceTree = "<group>"; };
		3F6871A328F7EB0C00BA6F0B /* Base */ = {isa = PBXFileReference; lastKnownFileType = file.storyboard; name = Base; path = Base.lproj/LaunchScreen.storyboard; sourceTree = "<group>"; };
		3F6871A528F7EB0C00BA6F0B /* Info.plist */ = {isa = PBXFileReference; lastKnownFileType = text.plist.xml; path = Info.plist; sourceTree = "<group>"; };
		3F6871AE28F7F54300BA6F0B /* TabBarViewController.swift */ = {isa = PBXFileReference; lastKnownFileType = sourcecode.swift; path = TabBarViewController.swift; sourceTree = "<group>"; };
		3F6871B028F7F8DF00BA6F0B /* HomeViewController.swift */ = {isa = PBXFileReference; lastKnownFileType = sourcecode.swift; path = HomeViewController.swift; sourceTree = "<group>"; };
		3F6871B228F7FA7A00BA6F0B /* UpComingViewController.swift */ = {isa = PBXFileReference; lastKnownFileType = sourcecode.swift; path = UpComingViewController.swift; sourceTree = "<group>"; };
		3F6871B428F7FAB300BA6F0B /* SearchViewController.swift */ = {isa = PBXFileReference; lastKnownFileType = sourcecode.swift; path = SearchViewController.swift; sourceTree = "<group>"; };
		3F6871B728F802F900BA6F0B /* CollectionViewTableViewCell.swift */ = {isa = PBXFileReference; lastKnownFileType = sourcecode.swift; path = CollectionViewTableViewCell.swift; sourceTree = "<group>"; };
		3F6871B928F81A8500BA6F0B /* HeroHeaderView.swift */ = {isa = PBXFileReference; lastKnownFileType = sourcecode.swift; path = HeroHeaderView.swift; sourceTree = "<group>"; };
		3F6871BD28F860A200BA6F0B /* APICallers.swift */ = {isa = PBXFileReference; lastKnownFileType = sourcecode.swift; path = APICallers.swift; sourceTree = "<group>"; };
		3F6871C128F8823400BA6F0B /* Title.swift */ = {isa = PBXFileReference; lastKnownFileType = sourcecode.swift; path = Title.swift; sourceTree = "<group>"; };
		3F6871C528F8933E00BA6F0B /* Extension.swift */ = {isa = PBXFileReference; lastKnownFileType = sourcecode.swift; path = Extension.swift; sourceTree = "<group>"; };
		3F6871CB28F9652000BA6F0B /* TitleCollectionViewCell.swift */ = {isa = PBXFileReference; lastKnownFileType = sourcecode.swift; path = TitleCollectionViewCell.swift; sourceTree = "<group>"; };
		3F6871CF28FA8B9A00BA6F0B /* TitleTableViewCell.swift */ = {isa = PBXFileReference; lastKnownFileType = sourcecode.swift; path = TitleTableViewCell.swift; sourceTree = "<group>"; };
		3F6871D128FA950F00BA6F0B /* TitleViewModel.swift */ = {isa = PBXFileReference; lastKnownFileType = sourcecode.swift; path = TitleViewModel.swift; sourceTree = "<group>"; };
		3F6871D528FAB16700BA6F0B /* SearchResultViewController.swift */ = {isa = PBXFileReference; lastKnownFileType = sourcecode.swift; path = SearchResultViewController.swift; sourceTree = "<group>"; };
		3F6871D728FB3AFC00BA6F0B /* YoutubeSearchResponse.swift */ = {isa = PBXFileReference; lastKnownFileType = sourcecode.swift; path = YoutubeSearchResponse.swift; sourceTree = "<group>"; };
		3F6871D928FB46D100BA6F0B /* TitlePreViewViewController.swift */ = {isa = PBXFileReference; lastKnownFileType = sourcecode.swift; path = TitlePreViewViewController.swift; sourceTree = "<group>"; };
		3F6871DB28FC269800BA6F0B /* TitlePreviewModel.swift */ = {isa = PBXFileReference; lastKnownFileType = sourcecode.swift; path = TitlePreviewModel.swift; sourceTree = "<group>"; };
		3F6871DD28FC65F000BA6F0B /* DownloadViewController.swift */ = {isa = PBXFileReference; lastKnownFileType = sourcecode.swift; path = DownloadViewController.swift; sourceTree = "<group>"; };
		3F68720328FC741500BA6F0B /* NetflixModel.xcdatamodel */ = {isa = PBXFileReference; lastKnownFileType = wrapper.xcdatamodel; path = NetflixModel.xcdatamodel; sourceTree = "<group>"; };
		3F68720528FC852000BA6F0B /* DataPersistenceManager.swift */ = {isa = PBXFileReference; lastKnownFileType = sourcecode.swift; path = DataPersistenceManager.swift; sourceTree = "<group>"; };
		AED477FCE54D43D5CB166E2A /* Pods-Netflix App.debug.xcconfig */ = {isa = PBXFileReference; includeInIndex = 1; lastKnownFileType = text.xcconfig; name = "Pods-Netflix App.debug.xcconfig"; path = "Target Support Files/Pods-Netflix App/Pods-Netflix App.debug.xcconfig"; sourceTree = "<group>"; };
		DC18ECF3585EDE9A6D5AFA81 /* Pods-Netflix App.release.xcconfig */ = {isa = PBXFileReference; includeInIndex = 1; lastKnownFileType = text.xcconfig; name = "Pods-Netflix App.release.xcconfig"; path = "Target Support Files/Pods-Netflix App/Pods-Netflix App.release.xcconfig"; sourceTree = "<group>"; };
/* End PBXFileReference section */

/* Begin PBXFrameworksBuildPhase section */
		3F68719128F7EB0400BA6F0B /* Frameworks */ = {
			isa = PBXFrameworksBuildPhase;
			buildActionMask = 2147483647;
			files = (
				A93E7F25FED9AD31C0FA1F9A /* Pods_Netflix_App.framework in Frameworks */,
			);
			runOnlyForDeploymentPostprocessing = 0;
		};
/* End PBXFrameworksBuildPhase section */

/* Begin PBXGroup section */
		37B07CD2E6FE37B9457F10B7 /* Pods */ = {
			isa = PBXGroup;
			children = (
				AED477FCE54D43D5CB166E2A /* Pods-Netflix App.debug.xcconfig */,
				DC18ECF3585EDE9A6D5AFA81 /* Pods-Netflix App.release.xcconfig */,
			);
			path = Pods;
			sourceTree = "<group>";
		};
		3F68718B28F7EB0400BA6F0B = {
			isa = PBXGroup;
			children = (
				3F6871C428F8931D00BA6F0B /* Resources */,
				3F6871AC28F7EF6D00BA6F0B /* Model */,
				3F6871AD28F7EF7C00BA6F0B /* View */,
				3F6871B628F8015D00BA6F0B /* ViewModels */,
				3F6871AB28F7EF5D00BA6F0B /* Controllers */,
				3F68719628F7EB0400BA6F0B /* Netflix App */,
				3F68719528F7EB0400BA6F0B /* Products */,
				37B07CD2E6FE37B9457F10B7 /* Pods */,
				500895BCA87DFF38BBAEECF3 /* Frameworks */,
			);
			sourceTree = "<group>";
		};
		3F68719528F7EB0400BA6F0B /* Products */ = {
			isa = PBXGroup;
			children = (
				3F68719428F7EB0400BA6F0B /* Netflix App.app */,
			);
			name = Products;
			sourceTree = "<group>";
		};
		3F68719628F7EB0400BA6F0B /* Netflix App */ = {
			isa = PBXGroup;
			children = (
				3F68719728F7EB0400BA6F0B /* AppDelegate.swift */,
				3F68719928F7EB0400BA6F0B /* SceneDelegate.swift */,
				3F68719D28F7EB0400BA6F0B /* Main.storyboard */,
				3F6871A028F7EB0C00BA6F0B /* Assets.xcassets */,
				3F6871A228F7EB0C00BA6F0B /* LaunchScreen.storyboard */,
				3F6871A528F7EB0C00BA6F0B /* Info.plist */,
				3F68720228FC741500BA6F0B /* NetflixModel.xcdatamodeld */,
			);
			path = "Netflix App";
			sourceTree = "<group>";
		};
		3F6871AB28F7EF5D00BA6F0B /* Controllers */ = {
			isa = PBXGroup;
			children = (
				3F6871AE28F7F54300BA6F0B /* TabBarViewController.swift */,
				3F6871B428F7FAB300BA6F0B /* SearchViewController.swift */,
				3F6871B028F7F8DF00BA6F0B /* HomeViewController.swift */,
				3F6871B228F7FA7A00BA6F0B /* UpComingViewController.swift */,
				3F6871D928FB46D100BA6F0B /* TitlePreViewViewController.swift */,
				3F6871DD28FC65F000BA6F0B /* DownloadViewController.swift */,
			);
			path = Controllers;
			sourceTree = "<group>";
		};
		3F6871AC28F7EF6D00BA6F0B /* Model */ = {
			isa = PBXGroup;
			children = (
				3F6871BD28F860A200BA6F0B /* APICallers.swift */,
				3F6871C128F8823400BA6F0B /* Title.swift */,
				3F6871D728FB3AFC00BA6F0B /* YoutubeSearchResponse.swift */,
				3F68720528FC852000BA6F0B /* DataPersistenceManager.swift */,
			);
			path = Model;
			sourceTree = "<group>";
		};
		3F6871AD28F7EF7C00BA6F0B /* View */ = {
			isa = PBXGroup;
			children = (
				3F6871B728F802F900BA6F0B /* CollectionViewTableViewCell.swift */,
				3F6871B928F81A8500BA6F0B /* HeroHeaderView.swift */,
				3F6871CB28F9652000BA6F0B /* TitleCollectionViewCell.swift */,
				3F6871CF28FA8B9A00BA6F0B /* TitleTableViewCell.swift */,
				3F6871D528FAB16700BA6F0B /* SearchResultViewController.swift */,
			);
			path = View;
			sourceTree = "<group>";
		};
		3F6871B628F8015D00BA6F0B /* ViewModels */ = {
			isa = PBXGroup;
			children = (
				3F6871D128FA950F00BA6F0B /* TitleViewModel.swift */,
				3F6871DB28FC269800BA6F0B /* TitlePreviewModel.swift */,
			);
			path = ViewModels;
			sourceTree = "<group>";
		};
		3F6871C428F8931D00BA6F0B /* Resources */ = {
			isa = PBXGroup;
			children = (
				3F6871C528F8933E00BA6F0B /* Extension.swift */,
			);
			path = Resources;
			sourceTree = "<group>";
		};
		500895BCA87DFF38BBAEECF3 /* Frameworks */ = {
			isa = PBXGroup;
			children = (
				311605718BDF7D35CEB04587 /* Pods_Netflix_App.framework */,
			);
			name = Frameworks;
			sourceTree = "<group>";
		};
/* End PBXGroup section */

/* Begin PBXNativeTarget section */
		3F68719328F7EB0400BA6F0B /* Netflix App */ = {
			isa = PBXNativeTarget;
			buildConfigurationList = 3F6871A828F7EB0C00BA6F0B /* Build configuration list for PBXNativeTarget "Netflix App" */;
			buildPhases = (
				8725FF07FCA90469FAF4FDA2 /* [CP] Check Pods Manifest.lock */,
				3F68719028F7EB0400BA6F0B /* Sources */,
				3F68719128F7EB0400BA6F0B /* Frameworks */,
				3F68719228F7EB0400BA6F0B /* Resources */,
				5AA2D6055A55866C22797661 /* [CP] Embed Pods Frameworks */,
			);
			buildRules = (
			);
			dependencies = (
			);
			name = "Netflix App";
			productName = "Netflix App";
			productReference = 3F68719428F7EB0400BA6F0B /* Netflix App.app */;
			productType = "com.apple.product-type.application";
		};
/* End PBXNativeTarget section */

/* Begin PBXProject section */
		3F68718C28F7EB0400BA6F0B /* Project object */ = {
			isa = PBXProject;
			attributes = {
				BuildIndependentTargetsInParallel = 1;
				LastSwiftUpdateCheck = 1340;
				LastUpgradeCheck = 1340;
				TargetAttributes = {
					3F68719328F7EB0400BA6F0B = {
						CreatedOnToolsVersion = 13.4.1;
					};
				};
			};
			buildConfigurationList = 3F68718F28F7EB0400BA6F0B /* Build configuration list for PBXProject "Netflix App" */;
			compatibilityVersion = "Xcode 13.0";
			developmentRegion = en;
			hasScannedForEncodings = 0;
			knownRegions = (
				en,
				Base,
			);
			mainGroup = 3F68718B28F7EB0400BA6F0B;
			productRefGroup = 3F68719528F7EB0400BA6F0B /* Products */;
			projectDirPath = "";
			projectRoot = "";
			targets = (
				3F68719328F7EB0400BA6F0B /* Netflix App */,
			);
		};
/* End PBXProject section */

/* Begin PBXResourcesBuildPhase section */
		3F68719228F7EB0400BA6F0B /* Resources */ = {
			isa = PBXResourcesBuildPhase;
			buildActionMask = 2147483647;
			files = (
				3F6871A428F7EB0C00BA6F0B /* LaunchScreen.storyboard in Resources */,
				3F6871A128F7EB0C00BA6F0B /* Assets.xcassets in Resources */,
				3F68719F28F7EB0400BA6F0B /* Main.storyboard in Resources */,
			);
			runOnlyForDeploymentPostprocessing = 0;
		};
/* End PBXResourcesBuildPhase section */

/* Begin PBXShellScriptBuildPhase section */
		5AA2D6055A55866C22797661 /* [CP] Embed Pods Frameworks */ = {
			isa = PBXShellScriptBuildPhase;
			buildActionMask = 2147483647;
			files = (
			);
			inputFileListPaths = (
				"${PODS_ROOT}/Target Support Files/Pods-Netflix App/Pods-Netflix App-frameworks-${CONFIGURATION}-input-files.xcfilelist",
			);
			name = "[CP] Embed Pods Frameworks";
			outputFileListPaths = (
				"${PODS_ROOT}/Target Support Files/Pods-Netflix App/Pods-Netflix App-frameworks-${CONFIGURATION}-output-files.xcfilelist",
			);
			runOnlyForDeploymentPostprocessing = 0;
			shellPath = /bin/sh;
			shellScript = "\"${PODS_ROOT}/Target Support Files/Pods-Netflix App/Pods-Netflix App-frameworks.sh\"\n";
			showEnvVarsInLog = 0;
		};
		8725FF07FCA90469FAF4FDA2 /* [CP] Check Pods Manifest.lock */ = {
			isa = PBXShellScriptBuildPhase;
			buildActionMask = 2147483647;
			files = (
			);
			inputFileListPaths = (
			);
			inputPaths = (
				"${PODS_PODFILE_DIR_PATH}/Podfile.lock",
				"${PODS_ROOT}/Manifest.lock",
			);
			name = "[CP] Check Pods Manifest.lock";
			outputFileListPaths = (
			);
			outputPaths = (
				"$(DERIVED_FILE_DIR)/Pods-Netflix App-checkManifestLockResult.txt",
			);
			runOnlyForDeploymentPostprocessing = 0;
			shellPath = /bin/sh;
			shellScript = "diff \"${PODS_PODFILE_DIR_PATH}/Podfile.lock\" \"${PODS_ROOT}/Manifest.lock\" > /dev/null\nif [ $? != 0 ] ; then\n    # print error to STDERR\n    echo \"error: The sandbox is not in sync with the Podfile.lock. Run 'pod install' or update your CocoaPods installation.\" >&2\n    exit 1\nfi\n# This output is used by Xcode 'outputs' to avoid re-running this script phase.\necho \"SUCCESS\" > \"${SCRIPT_OUTPUT_FILE_0}\"\n";
			showEnvVarsInLog = 0;
		};
/* End PBXShellScriptBuildPhase section */

/* Begin PBXSourcesBuildPhase section */
		3F68719028F7EB0400BA6F0B /* Sources */ = {
			isa = PBXSourcesBuildPhase;
			buildActionMask = 2147483647;
			files = (
				3F6871B528F7FAB300BA6F0B /* SearchViewController.swift in Sources */,
				3F6871CC28F9652000BA6F0B /* TitleCollectionViewCell.swift in Sources */,
				3F6871D028FA8B9A00BA6F0B /* TitleTableViewCell.swift in Sources */,
				3F68720628FC852000BA6F0B /* DataPersistenceManager.swift in Sources */,
				3F6871DA28FB46D100BA6F0B /* TitlePreViewViewController.swift in Sources */,
				3F6871BA28F81A8500BA6F0B /* HeroHeaderView.swift in Sources */,
				3F68719828F7EB0400BA6F0B /* AppDelegate.swift in Sources */,
				3F6871AF28F7F54300BA6F0B /* TabBarViewController.swift in Sources */,
				3F6871DC28FC269800BA6F0B /* TitlePreviewModel.swift in Sources */,
				3F6871DE28FC65F000BA6F0B /* DownloadViewController.swift in Sources */,
				3F6871C628F8933E00BA6F0B /* Extension.swift in Sources */,
				3F6871D628FAB16700BA6F0B /* SearchResultViewController.swift in Sources */,
				3F6871D828FB3AFC00BA6F0B /* YoutubeSearchResponse.swift in Sources */,
				3F6871C228F8823400BA6F0B /* Title.swift in Sources */,
				3F6871B828F802F900BA6F0B /* CollectionViewTableViewCell.swift in Sources */,
				3F6871B328F7FA7A00BA6F0B /* UpComingViewController.swift in Sources */,
				3F68719A28F7EB0400BA6F0B /* SceneDelegate.swift in Sources */,
				3F68720428FC741500BA6F0B /* NetflixModel.xcdatamodeld in Sources */,
				3F6871D228FA950F00BA6F0B /* TitleViewModel.swift in Sources */,
				3F6871BE28F860A200BA6F0B /* APICallers.swift in Sources */,
				3F6871B128F7F8DF00BA6F0B /* HomeViewController.swift in Sources */,
			);
			runOnlyForDeploymentPostprocessing = 0;
		};
/* End PBXSourcesBuildPhase section */

/* Begin PBXVariantGroup section */
		3F68719D28F7EB0400BA6F0B /* Main.storyboard */ = {
			isa = PBXVariantGroup;
			children = (
				3F68719E28F7EB0400BA6F0B /* Base */,
			);
			name = Main.storyboard;
			sourceTree = "<group>";
		};
		3F6871A228F7EB0C00BA6F0B /* LaunchScreen.storyboard */ = {
			isa = PBXVariantGroup;
			children = (
				3F6871A328F7EB0C00BA6F0B /* Base */,
			);
			name = LaunchScreen.storyboard;
			sourceTree = "<group>";
		};
/* End PBXVariantGroup section */

/* Begin XCBuildConfiguration section */
		3F6871A628F7EB0C00BA6F0B /* Debug */ = {
			isa = XCBuildConfiguration;
			buildSettings = {
				ALWAYS_SEARCH_USER_PATHS = NO;
				CLANG_ANALYZER_NONNULL = YES;
				CLANG_ANALYZER_NUMBER_OBJECT_CONVERSION = YES_AGGRESSIVE;
				CLANG_CXX_LANGUAGE_STANDARD = "gnu++17";
				CLANG_ENABLE_MODULES = YES;
				CLANG_ENABLE_OBJC_ARC = YES;
				CLANG_ENABLE_OBJC_WEAK = YES;
				CLANG_WARN_BLOCK_CAPTURE_AUTORELEASING = YES;
				CLANG_WARN_BOOL_CONVERSION = YES;
				CLANG_WARN_COMMA = YES;
				CLANG_WARN_CONSTANT_CONVERSION = YES;
				CLANG_WARN_DEPRECATED_OBJC_IMPLEMENTATIONS = YES;
				CLANG_WARN_DIRECT_OBJC_ISA_USAGE = YES_ERROR;
				CLANG_WARN_DOCUMENTATION_COMMENTS = YES;
				CLANG_WARN_EMPTY_BODY = YES;
				CLANG_WARN_ENUM_CONVERSION = YES;
				CLANG_WARN_INFINITE_RECURSION = YES;
				CLANG_WARN_INT_CONVERSION = YES;
				CLANG_WARN_NON_LITERAL_NULL_CONVERSION = YES;
				CLANG_WARN_OBJC_IMPLICIT_RETAIN_SELF = YES;
				CLANG_WARN_OBJC_LITERAL_CONVERSION = YES;
				CLANG_WARN_OBJC_ROOT_CLASS = YES_ERROR;
				CLANG_WARN_QUOTED_INCLUDE_IN_FRAMEWORK_HEADER = YES;
				CLANG_WARN_RANGE_LOOP_ANALYSIS = YES;
				CLANG_WARN_STRICT_PROTOTYPES = YES;
				CLANG_WARN_SUSPICIOUS_MOVE = YES;
				CLANG_WARN_UNGUARDED_AVAILABILITY = YES_AGGRESSIVE;
				CLANG_WARN_UNREACHABLE_CODE = YES;
				CLANG_WARN__DUPLICATE_METHOD_MATCH = YES;
				COPY_PHASE_STRIP = NO;
				DEBUG_INFORMATION_FORMAT = dwarf;
				ENABLE_STRICT_OBJC_MSGSEND = YES;
				ENABLE_TESTABILITY = YES;
				GCC_C_LANGUAGE_STANDARD = gnu11;
				GCC_DYNAMIC_NO_PIC = NO;
				GCC_NO_COMMON_BLOCKS = YES;
				GCC_OPTIMIZATION_LEVEL = 0;
				GCC_PREPROCESSOR_DEFINITIONS = (
					"DEBUG=1",
					"$(inherited)",
				);
				GCC_WARN_64_TO_32_BIT_CONVERSION = YES;
				GCC_WARN_ABOUT_RETURN_TYPE = YES_ERROR;
				GCC_WARN_UNDECLARED_SELECTOR = YES;
				GCC_WARN_UNINITIALIZED_AUTOS = YES_AGGRESSIVE;
				GCC_WARN_UNUSED_FUNCTION = YES;
				GCC_WARN_UNUSED_VARIABLE = YES;
				IPHONEOS_DEPLOYMENT_TARGET = 15.5;
				MTL_ENABLE_DEBUG_INFO = INCLUDE_SOURCE;
				MTL_FAST_MATH = YES;
				ONLY_ACTIVE_ARCH = YES;
				SDKROOT = iphoneos;
				SWIFT_ACTIVE_COMPILATION_CONDITIONS = DEBUG;
				SWIFT_OPTIMIZATION_LEVEL = "-Onone";
			};
			name = Debug;
		};
		3F6871A728F7EB0C00BA6F0B /* Release */ = {
			isa = XCBuildConfiguration;
			buildSettings = {
				ALWAYS_SEARCH_USER_PATHS = NO;
				CLANG_ANALYZER_NONNULL = YES;
				CLANG_ANALYZER_NUMBER_OBJECT_CONVERSION = YES_AGGRESSIVE;
				CLANG_CXX_LANGUAGE_STANDARD = "gnu++17";
				CLANG_ENABLE_MODULES = YES;
				CLANG_ENABLE_OBJC_ARC = YES;
				CLANG_ENABLE_OBJC_WEAK = YES;
				CLANG_WARN_BLOCK_CAPTURE_AUTORELEASING = YES;
				CLANG_WARN_BOOL_CONVERSION = YES;
				CLANG_WARN_COMMA = YES;
				CLANG_WARN_CONSTANT_CONVERSION = YES;
				CLANG_WARN_DEPRECATED_OBJC_IMPLEMENTATIONS = YES;
				CLANG_WARN_DIRECT_OBJC_ISA_USAGE = YES_ERROR;
				CLANG_WARN_DOCUMENTATION_COMMENTS = YES;
				CLANG_WARN_EMPTY_BODY = YES;
				CLANG_WARN_ENUM_CONVERSION = YES;
				CLANG_WARN_INFINITE_RECURSION = YES;
				CLANG_WARN_INT_CONVERSION = YES;
				CLANG_WARN_NON_LITERAL_NULL_CONVERSION = YES;
				CLANG_WARN_OBJC_IMPLICIT_RETAIN_SELF = YES;
				CLANG_WARN_OBJC_LITERAL_CONVERSION = YES;
				CLANG_WARN_OBJC_ROOT_CLASS = YES_ERROR;
				CLANG_WARN_QUOTED_INCLUDE_IN_FRAMEWORK_HEADER = YES;
				CLANG_WARN_RANGE_LOOP_ANALYSIS = YES;
				CLANG_WARN_STRICT_PROTOTYPES = YES;
				CLANG_WARN_SUSPICIOUS_MOVE = YES;
				CLANG_WARN_UNGUARDED_AVAILABILITY = YES_AGGRESSIVE;
				CLANG_WARN_UNREACHABLE_CODE = YES;
				CLANG_WARN__DUPLICATE_METHOD_MATCH = YES;
				COPY_PHASE_STRIP = NO;
				DEBUG_INFORMATION_FORMAT = "dwarf-with-dsym";
				ENABLE_NS_ASSERTIONS = NO;
				ENABLE_STRICT_OBJC_MSGSEND = YES;
				GCC_C_LANGUAGE_STANDARD = gnu11;
				GCC_NO_COMMON_BLOCKS = YES;
				GCC_WARN_64_TO_32_BIT_CONVERSION = YES;
				GCC_WARN_ABOUT_RETURN_TYPE = YES_ERROR;
				GCC_WARN_UNDECLARED_SELECTOR = YES;
				GCC_WARN_UNINITIALIZED_AUTOS = YES_AGGRESSIVE;
				GCC_WARN_UNUSED_FUNCTION = YES;
				GCC_WARN_UNUSED_VARIABLE = YES;
				IPHONEOS_DEPLOYMENT_TARGET = 15.5;
				MTL_ENABLE_DEBUG_INFO = NO;
				MTL_FAST_MATH = YES;
				SDKROOT = iphoneos;
				SWIFT_COMPILATION_MODE = wholemodule;
				SWIFT_OPTIMIZATION_LEVEL = "-O";
				VALIDATE_PRODUCT = YES;
			};
			name = Release;
		};
		3F6871A928F7EB0C00BA6F0B /* Debug */ = {
			isa = XCBuildConfiguration;
			baseConfigurationReference = AED477FCE54D43D5CB166E2A /* Pods-Netflix App.debug.xcconfig */;
			buildSettings = {
				ASSETCATALOG_COMPILER_APPICON_NAME = AppIcon;
				ASSETCATALOG_COMPILER_GLOBAL_ACCENT_COLOR_NAME = AccentColor;
				CODE_SIGN_STYLE = Automatic;
				CURRENT_PROJECT_VERSION = 1;
				DEVELOPMENT_TEAM = N6CSQ2SD78;
				GENERATE_INFOPLIST_FILE = YES;
				INFOPLIST_FILE = "Netflix App/Info.plist";
				INFOPLIST_KEY_UIApplicationSupportsIndirectInputEvents = YES;
				INFOPLIST_KEY_UILaunchStoryboardName = LaunchScreen;
				INFOPLIST_KEY_UIMainStoryboardFile = Main;
				INFOPLIST_KEY_UISupportedInterfaceOrientations_iPad = "UIInterfaceOrientationPortrait UIInterfaceOrientationPortraitUpsideDown UIInterfaceOrientationLandscapeLeft UIInterfaceOrientationLandscapeRight";
				INFOPLIST_KEY_UISupportedInterfaceOrientations_iPhone = "UIInterfaceOrientationPortrait UIInterfaceOrientationLandscapeLeft UIInterfaceOrientationLandscapeRight";
				LD_RUNPATH_SEARCH_PATHS = (
					"$(inherited)",
					"@executable_path/Frameworks",
				);
				MARKETING_VERSION = 1.0;
				PRODUCT_BUNDLE_IDENTIFIER = "Jennifer-Chukuemeka.Netflix-App";
				PRODUCT_NAME = "$(TARGET_NAME)";
				SWIFT_EMIT_LOC_STRINGS = YES;
				SWIFT_VERSION = 5.0;
				TARGETED_DEVICE_FAMILY = "1,2";
			};
			name = Debug;
		};
		3F6871AA28F7EB0C00BA6F0B /* Release */ = {
			isa = XCBuildConfiguration;
			baseConfigurationReference = DC18ECF3585EDE9A6D5AFA81 /* Pods-Netflix App.release.xcconfig */;
			buildSettings = {
				ASSETCATALOG_COMPILER_APPICON_NAME = AppIcon;
				ASSETCATALOG_COMPILER_GLOBAL_ACCENT_COLOR_NAME = AccentColor;
				CODE_SIGN_STYLE = Automatic;
				CURRENT_PROJECT_VERSION = 1;
				DEVELOPMENT_TEAM = N6CSQ2SD78;
				GENERATE_INFOPLIST_FILE = YES;
				INFOPLIST_FILE = "Netflix App/Info.plist";
				INFOPLIST_KEY_UIApplicationSupportsIndirectInputEvents = YES;
				INFOPLIST_KEY_UILaunchStoryboardName = LaunchScreen;
				INFOPLIST_KEY_UIMainStoryboardFile = Main;
				INFOPLIST_KEY_UISupportedInterfaceOrientations_iPad = "UIInterfaceOrientationPortrait UIInterfaceOrientationPortraitUpsideDown UIInterfaceOrientationLandscapeLeft UIInterfaceOrientationLandscapeRight";
				INFOPLIST_KEY_UISupportedInterfaceOrientations_iPhone = "UIInterfaceOrientationPortrait UIInterfaceOrientationLandscapeLeft UIInterfaceOrientationLandscapeRight";
				LD_RUNPATH_SEARCH_PATHS = (
					"$(inherited)",
					"@executable_path/Frameworks",
				);
				MARKETING_VERSION = 1.0;
				PRODUCT_BUNDLE_IDENTIFIER = "Jennifer-Chukuemeka.Netflix-App";
				PRODUCT_NAME = "$(TARGET_NAME)";
				SWIFT_EMIT_LOC_STRINGS = YES;
				SWIFT_VERSION = 5.0;
				TARGETED_DEVICE_FAMILY = "1,2";
			};
			name = Release;
		};
/* End XCBuildConfiguration section */

/* Begin XCConfigurationList section */
		3F68718F28F7EB0400BA6F0B /* Build configuration list for PBXProject "Netflix App" */ = {
			isa = XCConfigurationList;
			buildConfigurations = (
				3F6871A628F7EB0C00BA6F0B /* Debug */,
				3F6871A728F7EB0C00BA6F0B /* Release */,
			);
			defaultConfigurationIsVisible = 0;
			defaultConfigurationName = Release;
		};
		3F6871A828F7EB0C00BA6F0B /* Build configuration list for PBXNativeTarget "Netflix App" */ = {
			isa = XCConfigurationList;
			buildConfigurations = (
				3F6871A928F7EB0C00BA6F0B /* Debug */,
				3F6871AA28F7EB0C00BA6F0B /* Release */,
			);
			defaultConfigurationIsVisible = 0;
			defaultConfigurationName = Release;
		};
/* End XCConfigurationList section */

/* Begin XCVersionGroup section */
		3F68720228FC741500BA6F0B /* NetflixModel.xcdatamodeld */ = {
			isa = XCVersionGroup;
			children = (
				3F68720328FC741500BA6F0B /* NetflixModel.xcdatamodel */,
			);
			currentVersion = 3F68720328FC741500BA6F0B /* NetflixModel.xcdatamodel */;
			path = NetflixModel.xcdatamodeld;
			sourceTree = "<group>";
			versionGroupType = wrapper.xcdatamodel;
		};
/* End XCVersionGroup section */
	};
	rootObject = 3F68718C28F7EB0400BA6F0B /* Project object */;
}
